
Microsoft Visual Studio Solution File, Format Version 12.00
# Visual Studio 15
VisualStudioVersion = 15.0.27004.2005
MinimumVisualStudioVersion = 10.0.40219.1
Project("{FAE04EC0-301F-11D3-BF4B-00C04F79EFBC}") = "CST226", "CST226\CST226.csproj", "{C065B40B-351F-4485-A6B6-34ADC4E5A3DF}"
EndProject
Global
	GlobalSection(SolutionConfigurationPlatforms) = preSolution
		Debug|Any CPU = Debug|Any CPU
		Release|Any CPU = Release|Any CPU
	EndGlobalSection
	GlobalSection(ProjectConfigurationPlatforms) = postSolution
		{C065B40B-351F-4485-A6B6-34ADC4E5A3DF}.Debug|Any CPU.ActiveCfg = Debug|Any CPU
		{C065B40B-351F-4485-A6B6-34ADC4E5A3DF}.Debug|Any CPU.Build.0 = Debug|Any CPU
		{C065B40B-351F-4485-A6B6-34ADC4E5A3DF}.Release|Any CPU.ActiveCfg = Release|Any CPU
		{C065B40B-351F-4485-A6B6-34ADC4E5A3DF}.Release|Any CPU.Build.0 = Release|Any CPU
	EndGlobalSection
	GlobalSection(SolutionProperties) = preSolution
		HideSolutionNode = FALSE
	EndGlobalSection
	GlobalSection(ExtensibilityGlobals) = postSolution
		SolutionGuid = {220983B0-83FD-4756-A66A-B7798A5F6A5B}
	EndGlobalSection
EndGlobal
